
Microsoft Visual Studio Solution File, Format Version 12.00
# Visual Studio Version 17
VisualStudioVersion = 17.5.33530.505
MinimumVisualStudioVersion = 10.0.40219.1
Project("{FAE04EC0-301F-11D3-BF4B-00C04F79EFBC}") = "Calculator", "Calculator\Calculator.csproj", "{ED32AC1C-3D45-496F-8E3E-AABDAE26C264}"
EndProject
Project("{FAE04EC0-301F-11D3-BF4B-00C04F79EFBC}") = "CalculatorforTesting", "CalculatorforTesting\CalculatorforTesting.csproj", "{A23D6281-223D-413D-B372-D6E387EC342B}"
EndProject
Global
	GlobalSection(SolutionConfigurationPlatforms) = preSolution
		Debug|Any CPU = Debug|Any CPU
		Release|Any CPU = Release|Any CPU
	EndGlobalSection
	GlobalSection(ProjectConfigurationPlatforms) = postSolution
		{ED32AC1C-3D45-496F-8E3E-AABDAE26C264}.Debug|Any CPU.ActiveCfg = Debug|Any CPU
		{ED32AC1C-3D45-496F-8E3E-AABDAE26C264}.Debug|Any CPU.Build.0 = Debug|Any CPU
		{ED32AC1C-3D45-496F-8E3E-AABDAE26C264}.Release|Any CPU.ActiveCfg = Release|Any CPU
		{ED32AC1C-3D45-496F-8E3E-AABDAE26C264}.Release|Any CPU.Build.0 = Release|Any CPU
		{A23D6281-223D-413D-B372-D6E387EC342B}.Debug|Any CPU.ActiveCfg = Debug|Any CPU
		{A23D6281-223D-413D-B372-D6E387EC342B}.Debug|Any CPU.Build.0 = Debug|Any CPU
		{A23D6281-223D-413D-B372-D6E387EC342B}.Release|Any CPU.ActiveCfg = Release|Any CPU
		{A23D6281-223D-413D-B372-D6E387EC342B}.Release|Any CPU.Build.0 = Release|Any CPU
	EndGlobalSection
	GlobalSection(SolutionProperties) = preSolution
		HideSolutionNode = FALSE
	EndGlobalSection
	GlobalSection(ExtensibilityGlobals) = postSolution
		SolutionGuid = {EA8ECDFA-E748-40D5-9E83-211EBF79326C}
	EndGlobalSection
EndGlobal
